
Microsoft Visual Studio Solution File, Format Version 12.00
# Visual Studio Version 17
VisualStudioVersion = 17.14.36511.14 d17.14
MinimumVisualStudioVersion = 10.0.40219.1
Project("{FAE04EC0-301F-11D3-BF4B-00C04F79EFBC}") = "SmallProERP.Models", "SmallProERP.Models\SmallProERP.Models.csproj", "{DF6079F0-07D2-4A9D-A3DF-9F58F2D05809}"
EndProject
Project("{FAE04EC0-301F-11D3-BF4B-00C04F79EFBC}") = "SmallProERP.DAL", "SmallProERP.DAL\SmallProERP.DAL.csproj", "{C1673D44-CA96-49B0-8522-44E539326CC3}"
EndProject
Project("{FAE04EC0-301F-11D3-BF4B-00C04F79EFBC}") = "SmallProERP.BLL", "SmallProERP.BLL\SmallProERP.BLL.csproj", "{3259E15E-EB4A-420D-A292-101BC0288EEF}"
EndProject
Project("{FAE04EC0-301F-11D3-BF4B-00C04F79EFBC}") = "SmallProERP.API", "SmallProERP.API\SmallProERP.API.csproj", "{BEECCF24-7326-482C-B5AD-9F83A3642FC4}"
EndProject
Global
	GlobalSection(SolutionConfigurationPlatforms) = preSolution
		Debug|Any CPU = Debug|Any CPU
		Release|Any CPU = Release|Any CPU
	EndGlobalSection
	GlobalSection(ProjectConfigurationPlatforms) = postSolution
		{DF6079F0-07D2-4A9D-A3DF-9F58F2D05809}.Debug|Any CPU.ActiveCfg = Debug|Any CPU
		{DF6079F0-07D2-4A9D-A3DF-9F58F2D05809}.Debug|Any CPU.Build.0 = Debug|Any CPU
		{DF6079F0-07D2-4A9D-A3DF-9F58F2D05809}.Release|Any CPU.ActiveCfg = Release|Any CPU
		{DF6079F0-07D2-4A9D-A3DF-9F58F2D05809}.Release|Any CPU.Build.0 = Release|Any CPU
		{C1673D44-CA96-49B0-8522-44E539326CC3}.Debug|Any CPU.ActiveCfg = Debug|Any CPU
		{C1673D44-CA96-49B0-8522-44E539326CC3}.Debug|Any CPU.Build.0 = Debug|Any CPU
		{C1673D44-CA96-49B0-8522-44E539326CC3}.Release|Any CPU.ActiveCfg = Release|Any CPU
		{C1673D44-CA96-49B0-8522-44E539326CC3}.Release|Any CPU.Build.0 = Release|Any CPU
		{3259E15E-EB4A-420D-A292-101BC0288EEF}.Debug|Any CPU.ActiveCfg = Debug|Any CPU
		{3259E15E-EB4A-420D-A292-101BC0288EEF}.Debug|Any CPU.Build.0 = Debug|Any CPU
		{3259E15E-EB4A-420D-A292-101BC0288EEF}.Release|Any CPU.ActiveCfg = Release|Any CPU
		{3259E15E-EB4A-420D-A292-101BC0288EEF}.Release|Any CPU.Build.0 = Release|Any CPU
		{BEECCF24-7326-482C-B5AD-9F83A3642FC4}.Debug|Any CPU.ActiveCfg = Debug|Any CPU
		{BEECCF24-7326-482C-B5AD-9F83A3642FC4}.Debug|Any CPU.Build.0 = Debug|Any CPU
		{BEECCF24-7326-482C-B5AD-9F83A3642FC4}.Release|Any CPU.ActiveCfg = Release|Any CPU
		{BEECCF24-7326-482C-B5AD-9F83A3642FC4}.Release|Any CPU.Build.0 = Release|Any CPU
	EndGlobalSection
	GlobalSection(SolutionProperties) = preSolution
		HideSolutionNode = FALSE
	EndGlobalSection
	GlobalSection(ExtensibilityGlobals) = postSolution
		SolutionGuid = {C6645688-FDBA-4DB0-BA1F-2C32302D34FB}
	EndGlobalSection
EndGlobal
